
Microsoft Visual Studio Solution File, Format Version 12.00
# Visual Studio Version 17
VisualStudioVersion = 17.1.32210.238
MinimumVisualStudioVersion = 10.0.40219.1
Project("{FAE04EC0-301F-11D3-BF4B-00C04F79EFBC}") = "AddressBookCollections", "AddressBookCollections\AddressBookCollections.csproj", "{1387E020-405B-4940-95D6-52EC0FFD9891}"
EndProject
Global
	GlobalSection(SolutionConfigurationPlatforms) = preSolution
		Debug|Any CPU = Debug|Any CPU
		Release|Any CPU = Release|Any CPU
	EndGlobalSection
	GlobalSection(ProjectConfigurationPlatforms) = postSolution
		{1387E020-405B-4940-95D6-52EC0FFD9891}.Debug|Any CPU.ActiveCfg = Debug|Any CPU
		{1387E020-405B-4940-95D6-52EC0FFD9891}.Debug|Any CPU.Build.0 = Debug|Any CPU
		{1387E020-405B-4940-95D6-52EC0FFD9891}.Release|Any CPU.ActiveCfg = Release|Any CPU
		{1387E020-405B-4940-95D6-52EC0FFD9891}.Release|Any CPU.Build.0 = Release|Any CPU
	EndGlobalSection
	GlobalSection(SolutionProperties) = preSolution
		HideSolutionNode = FALSE
	EndGlobalSection
	GlobalSection(ExtensibilityGlobals) = postSolution
		SolutionGuid = {292E6367-AF65-4A44-9FB7-78BA9F42A401}
	EndGlobalSection
EndGlobal
